
Microsoft Visual Studio Solution File, Format Version 12.00
# Visual Studio Version 17
VisualStudioVersion = 17.7.34031.279
MinimumVisualStudioVersion = 10.0.40219.1
Project("{8BC9CEB8-8B4A-11D0-8D11-00A0C91BC942}") = "Matrice", "Matrice\Matrice.vcxproj", "{C103EA26-8D48-4B02-B140-8C8073F7E3FD}"
EndProject
Global
	GlobalSection(SolutionConfigurationPlatforms) = preSolution
		Debug|x64 = Debug|x64
		Debug|x86 = Debug|x86
		Release|x64 = Release|x64
		Release|x86 = Release|x86
	EndGlobalSection
	GlobalSection(ProjectConfigurationPlatforms) = postSolution
		{C103EA26-8D48-4B02-B140-8C8073F7E3FD}.Debug|x64.ActiveCfg = Debug|x64
		{C103EA26-8D48-4B02-B140-8C8073F7E3FD}.Debug|x64.Build.0 = Debug|x64
		{C103EA26-8D48-4B02-B140-8C8073F7E3FD}.Debug|x86.ActiveCfg = Debug|Win32
		{C103EA26-8D48-4B02-B140-8C8073F7E3FD}.Debug|x86.Build.0 = Debug|Win32
		{C103EA26-8D48-4B02-B140-8C8073F7E3FD}.Release|x64.ActiveCfg = Release|x64
		{C103EA26-8D48-4B02-B140-8C8073F7E3FD}.Release|x64.Build.0 = Release|x64
		{C103EA26-8D48-4B02-B140-8C8073F7E3FD}.Release|x86.ActiveCfg = Release|Win32
		{C103EA26-8D48-4B02-B140-8C8073F7E3FD}.Release|x86.Build.0 = Release|Win32
	EndGlobalSection
	GlobalSection(SolutionProperties) = preSolution
		HideSolutionNode = FALSE
	EndGlobalSection
	GlobalSection(ExtensibilityGlobals) = postSolution
		SolutionGuid = {4D7F96B6-6E9B-486C-BB51-973F89BAE006}
	EndGlobalSection
EndGlobal
